
Microsoft Visual Studio Solution File, Format Version 12.00
# Visual Studio 15
VisualStudioVersion = 15.0.26730.12
MinimumVisualStudioVersion = 10.0.40219.1
Project("{FAE04EC0-301F-11D3-BF4B-00C04F79EFBC}") = "Final Project", "Final Project\Final Project.csproj", "{B8350CEA-B700-4E1D-9DA8-99CA2101DD5B}"
EndProject
Global
	GlobalSection(SolutionConfigurationPlatforms) = preSolution
		Debug|Any CPU = Debug|Any CPU
		Release|Any CPU = Release|Any CPU
	EndGlobalSection
	GlobalSection(ProjectConfigurationPlatforms) = postSolution
		{B8350CEA-B700-4E1D-9DA8-99CA2101DD5B}.Debug|Any CPU.ActiveCfg = Debug|Any CPU
		{B8350CEA-B700-4E1D-9DA8-99CA2101DD5B}.Debug|Any CPU.Build.0 = Debug|Any CPU
		{B8350CEA-B700-4E1D-9DA8-99CA2101DD5B}.Release|Any CPU.ActiveCfg = Release|Any CPU
		{B8350CEA-B700-4E1D-9DA8-99CA2101DD5B}.Release|Any CPU.Build.0 = Release|Any CPU
	EndGlobalSection
	GlobalSection(SolutionProperties) = preSolution
		HideSolutionNode = FALSE
	EndGlobalSection
	GlobalSection(ExtensibilityGlobals) = postSolution
		SolutionGuid = {5FE1E817-D2E5-4BE9-B6B9-251B5D64904B}
	EndGlobalSection
EndGlobal
